github.com/ChristopherDavenport/agenttool v0.0.22 h1:5+c/vKGmQumNM6MAWFlZETV4EsxpkmFwuGk8m37YcZo=
github.com/ChristopherDavenport/agenttool v0.0.22/go.mod h1:G9b+XRWx2+fQJGhGLXzcoRLNb5EVLTRJY71++GzTia0=
github.com/ChristopherDavenport/openresponses v0.0.14 h1:ZoKjMNZRJgyNkZqJQu86y+E15gGKiJfn1mIwCy7HnMk=
github.com/ChristopherDavenport/openresponses v0.0.14/go.mod h1:oZT6GCySXw3+vL5LzrJrRI5qagBumqvwDZdp6Kr++a8=
