github.com/ChristopherDavenport/agenttool v0.0.3 h1:AgpZ2ohmROYXoAaFvk5RD7kKajkVefCuhgbG1QRNH7Q=
github.com/ChristopherDavenport/agenttool v0.0.3/go.mod h1:ZwrMvxCq1LTtp0e2EgxYKJ3Nr3NJRpjVkGnEZSM6fO4=
github.com/ChristopherDavenport/openresponses v0.0.9 h1:LazxB0pQg0IQcmHT8Or7MVwRf9ZwIHrsxRsSEw2rha4=
github.com/ChristopherDavenport/openresponses v0.0.9/go.mod h1:oZT6GCySXw3+vL5LzrJrRI5qagBumqvwDZdp6Kr++a8=
